<?xml version="1.0" encoding="utf-8"?>
<Project ToolsVersion="4.0" xmlns="http://schemas.microsoft.com/developer/msbuild/2003">
  <ItemGroup>
    <Filter Include="Исходные файлы">
      <UniqueIdentifier>{4FC737F1-C7A5-4376-A066-2A32D752A2FF}</UniqueIdentifier>
      <Extensions>cpp;c;cc;cxx;c++;cppm;ixx;def;odl;idl;hpj;bat;asm;asmx</Extensions>
    </Filter>
    <Filter Include="Файлы заголовков">
      <UniqueIdentifier>{93995380-89BD-4b04-88EB-625FBE52EBFB}</UniqueIdentifier>
      <Extensions>h;hh;hpp;hxx;h++;hm;inl;inc;ipp;xsd</Extensions>
    </Filter>
    <Filter Include="Файлы ресурсов">
      <UniqueIdentifier>{67DA6AB6-F800-4c08-8B7A-83BB121AAD01}</UniqueIdentifier>
      <Extensions>rc;ico;cur;bmp;dlg;rc2;rct;bin;rgs;gif;jpg;jpeg;jpe;resx;tiff;tif;png;wav;mfcribbon-ms</Extensions>
    </Filter>
    <Filter Include="Файлы заголовков\expresson-domain">
      <UniqueIdentifier>{88fa9326-9a47-45c3-b10b-76a60d49b653}</UniqueIdentifier>
    </Filter>
    <Filter Include="Исходные файлы\expression-domain">
      <UniqueIdentifier>{75175a27-07f7-44fb-bd7d-1ad9199076ff}</UniqueIdentifier>
    </Filter>
    <Filter Include="Файлы заголовков\cntrl-flow-domain">
      <UniqueIdentifier>{1cb5154d-647d-4552-a529-5ca903d58417}</UniqueIdentifier>
    </Filter>
    <Filter Include="Исходные файлы\cntrl-flow-domain">
      <UniqueIdentifier>{eaf9db95-f116-4411-aa3e-092aedb7db78}</UniqueIdentifier>
    </Filter>
  </ItemGroup>
  <ItemGroup>
    <ClCompile Include="test-clang.cpp">
      <Filter>Исходные файлы</Filter>
    </ClCompile>
    <ClCompile Include="helpers.cpp">
      <Filter>Исходные файлы</Filter>
    </ClCompile>
    <ClCompile Include="expression-domain-functions.cpp">
      <Filter>Исходные файлы\expression-domain</Filter>
    </ClCompile>
    <ClCompile Include="cntrl-flow-domain-funtions.cpp">
      <Filter>Исходные файлы\cntrl-flow-domain</Filter>
    </ClCompile>
  </ItemGroup>
  <ItemGroup>
    <ClInclude Include="helpers.h">
      <Filter>Файлы заголовков</Filter>
    </ClInclude>
    <ClInclude Include="ExpressionDomainNodes.h">
      <Filter>Файлы заголовков\expresson-domain</Filter>
    </ClInclude>
    <ClInclude Include="ExpressionDomainRdfNode.h">
      <Filter>Файлы заголовков\expresson-domain</Filter>
    </ClInclude>
    <ClInclude Include="expression-domain-functions.h">
      <Filter>Файлы заголовков\expresson-domain</Filter>
    </ClInclude>
    <ClInclude Include="ControlFlowDomainNodes.h">
      <Filter>Файлы заголовков\cntrl-flow-domain</Filter>
    </ClInclude>
    <ClInclude Include="cntrl-flow-domain-funtions.h">
      <Filter>Файлы заголовков\cntrl-flow-domain</Filter>
    </ClInclude>
  </ItemGroup>
</Project>